
Microsoft Visual Studio Solution File, Format Version 12.00
# Visual Studio 15
VisualStudioVersion = 15.0.27130.2027
MinimumVisualStudioVersion = 10.0.40219.1
Project("{FAE04EC0-301F-11D3-BF4B-00C04F79EFBC}") = "Lab04_ConnorSingerline", "Lab04_ConnorSingerline\Lab04_ConnorSingerline.csproj", "{3B737071-E963-4CEB-814C-05F5DDA14406}"
EndProject
Global
	GlobalSection(SolutionConfigurationPlatforms) = preSolution
		Debug|Any CPU = Debug|Any CPU
		Release|Any CPU = Release|Any CPU
	EndGlobalSection
	GlobalSection(ProjectConfigurationPlatforms) = postSolution
		{3B737071-E963-4CEB-814C-05F5DDA14406}.Debug|Any CPU.ActiveCfg = Debug|Any CPU
		{3B737071-E963-4CEB-814C-05F5DDA14406}.Debug|Any CPU.Build.0 = Debug|Any CPU
		{3B737071-E963-4CEB-814C-05F5DDA14406}.Release|Any CPU.ActiveCfg = Release|Any CPU
		{3B737071-E963-4CEB-814C-05F5DDA14406}.Release|Any CPU.Build.0 = Release|Any CPU
	EndGlobalSection
	GlobalSection(SolutionProperties) = preSolution
		HideSolutionNode = FALSE
	EndGlobalSection
	GlobalSection(ExtensibilityGlobals) = postSolution
		SolutionGuid = {EE681E84-48C4-47B1-A0D9-35037AD9B832}
	EndGlobalSection
EndGlobal
